
Microsoft Visual Studio Solution File, Format Version 12.00
# Visual Studio Version 16
VisualStudioVersion = 16.0.30907.101
MinimumVisualStudioVersion = 10.0.40219.1
Project("{9A19103F-16F7-4668-BE54-9A1E7A4F7556}") = "Obligatorisk Game Framework", "Obligatorisk Game Framework\Obligatorisk Game Framework.csproj", "{8FEBC7ED-7C35-4551-A66D-538C76F9E728}"
EndProject
Project("{FAE04EC0-301F-11D3-BF4B-00C04F79EFBC}") = "Game", "Game\Game.csproj", "{73644729-7A5B-4F60-A332-CC46AD230466}"
EndProject
Global
	GlobalSection(SolutionConfigurationPlatforms) = preSolution
		Debug|Any CPU = Debug|Any CPU
		Release|Any CPU = Release|Any CPU
	EndGlobalSection
	GlobalSection(ProjectConfigurationPlatforms) = postSolution
		{8FEBC7ED-7C35-4551-A66D-538C76F9E728}.Debug|Any CPU.ActiveCfg = Debug|Any CPU
		{8FEBC7ED-7C35-4551-A66D-538C76F9E728}.Debug|Any CPU.Build.0 = Debug|Any CPU
		{8FEBC7ED-7C35-4551-A66D-538C76F9E728}.Release|Any CPU.ActiveCfg = Release|Any CPU
		{8FEBC7ED-7C35-4551-A66D-538C76F9E728}.Release|Any CPU.Build.0 = Release|Any CPU
		{73644729-7A5B-4F60-A332-CC46AD230466}.Debug|Any CPU.ActiveCfg = Debug|Any CPU
		{73644729-7A5B-4F60-A332-CC46AD230466}.Debug|Any CPU.Build.0 = Debug|Any CPU
		{73644729-7A5B-4F60-A332-CC46AD230466}.Release|Any CPU.ActiveCfg = Release|Any CPU
		{73644729-7A5B-4F60-A332-CC46AD230466}.Release|Any CPU.Build.0 = Release|Any CPU
	EndGlobalSection
	GlobalSection(SolutionProperties) = preSolution
		HideSolutionNode = FALSE
	EndGlobalSection
	GlobalSection(ExtensibilityGlobals) = postSolution
		SolutionGuid = {30F198C2-44BC-4494-A27F-E0BA9689F088}
	EndGlobalSection
EndGlobal
